
Microsoft Visual Studio Solution File, Format Version 12.00
Project("{FAE04EC0-301F-11D3-BF4B-00C04F79EFBC}") = "HeroStats.Api", "HeroStats.Api\HeroStats.Api.csproj", "{85A983C9-5074-4C06-B0FC-EA32FBCC4727}"
EndProject
Project("{FAE04EC0-301F-11D3-BF4B-00C04F79EFBC}") = "HeroStats.Domain", "HeroStats.Domain\HeroStats.Domain.csproj", "{2023FF9C-61BB-4677-99E2-E911C71582F9}"
EndProject
Project("{FAE04EC0-301F-11D3-BF4B-00C04F79EFBC}") = "HeroStats.Infrastructure", "HeroStats.Infrastructure\HeroStats.Infrastructure.csproj", "{CD87E785-1642-46C4-9C69-A086A60D040D}"
EndProject
Project("{FAE04EC0-301F-11D3-BF4B-00C04F79EFBC}") = "HeroStats.Application", "HeroStats.Application\HeroStats.Application.csproj", "{9AC3D52B-3B9F-4D27-905B-68A9A8E4CF52}"
EndProject
Project("{2150E333-8FDC-42A3-9474-1A3956D46DE8}") = "Tests", "Tests", "{895AE363-63B2-42E5-859B-025B9F674C52}"
EndProject
Project("{FAE04EC0-301F-11D3-BF4B-00C04F79EFBC}") = "HeroStats.Infrastructure.Tests", "HeroStats.Infrastructure.Tests\HeroStats.Infrastructure.Tests.csproj", "{480E2B79-91CC-42DB-B763-34712739562B}"
EndProject
Project("{FAE04EC0-301F-11D3-BF4B-00C04F79EFBC}") = "HeroStats.Domain.Tests", "HeroStats.Domain.Tests\HeroStats.Domain.Tests.csproj", "{8E1086D8-529D-4295-B04E-1C4917436709}"
EndProject
Project("{FAE04EC0-301F-11D3-BF4B-00C04F79EFBC}") = "HeroStats.Application.Tests", "HeroStats.Application.Tests\HeroStats.Application.Tests.csproj", "{8D251B01-1CAF-4546-885C-1F24BDA8B57A}"
EndProject
Project("{FAE04EC0-301F-11D3-BF4B-00C04F79EFBC}") = "HeroStats.Api.Tests", "HeroStats.Api.Tests\HeroStats.Api.Tests.csproj", "{3D706A7A-2DF8-465B-AEBF-C371A41D7032}"
EndProject
Global
	GlobalSection(SolutionConfigurationPlatforms) = preSolution
		Debug|Any CPU = Debug|Any CPU
		Release|Any CPU = Release|Any CPU
	EndGlobalSection
	GlobalSection(ProjectConfigurationPlatforms) = postSolution
		{85A983C9-5074-4C06-B0FC-EA32FBCC4727}.Debug|Any CPU.ActiveCfg = Debug|Any CPU
		{85A983C9-5074-4C06-B0FC-EA32FBCC4727}.Debug|Any CPU.Build.0 = Debug|Any CPU
		{85A983C9-5074-4C06-B0FC-EA32FBCC4727}.Release|Any CPU.ActiveCfg = Release|Any CPU
		{85A983C9-5074-4C06-B0FC-EA32FBCC4727}.Release|Any CPU.Build.0 = Release|Any CPU
		{2023FF9C-61BB-4677-99E2-E911C71582F9}.Debug|Any CPU.ActiveCfg = Debug|Any CPU
		{2023FF9C-61BB-4677-99E2-E911C71582F9}.Debug|Any CPU.Build.0 = Debug|Any CPU
		{2023FF9C-61BB-4677-99E2-E911C71582F9}.Release|Any CPU.ActiveCfg = Release|Any CPU
		{2023FF9C-61BB-4677-99E2-E911C71582F9}.Release|Any CPU.Build.0 = Release|Any CPU
		{CD87E785-1642-46C4-9C69-A086A60D040D}.Debug|Any CPU.ActiveCfg = Debug|Any CPU
		{CD87E785-1642-46C4-9C69-A086A60D040D}.Debug|Any CPU.Build.0 = Debug|Any CPU
		{CD87E785-1642-46C4-9C69-A086A60D040D}.Release|Any CPU.ActiveCfg = Release|Any CPU
		{CD87E785-1642-46C4-9C69-A086A60D040D}.Release|Any CPU.Build.0 = Release|Any CPU
		{9AC3D52B-3B9F-4D27-905B-68A9A8E4CF52}.Debug|Any CPU.ActiveCfg = Debug|Any CPU
		{9AC3D52B-3B9F-4D27-905B-68A9A8E4CF52}.Debug|Any CPU.Build.0 = Debug|Any CPU
		{9AC3D52B-3B9F-4D27-905B-68A9A8E4CF52}.Release|Any CPU.ActiveCfg = Release|Any CPU
		{9AC3D52B-3B9F-4D27-905B-68A9A8E4CF52}.Release|Any CPU.Build.0 = Release|Any CPU
		{480E2B79-91CC-42DB-B763-34712739562B}.Debug|Any CPU.ActiveCfg = Debug|Any CPU
		{480E2B79-91CC-42DB-B763-34712739562B}.Debug|Any CPU.Build.0 = Debug|Any CPU
		{480E2B79-91CC-42DB-B763-34712739562B}.Release|Any CPU.ActiveCfg = Release|Any CPU
		{480E2B79-91CC-42DB-B763-34712739562B}.Release|Any CPU.Build.0 = Release|Any CPU
		{8E1086D8-529D-4295-B04E-1C4917436709}.Debug|Any CPU.ActiveCfg = Debug|Any CPU
		{8E1086D8-529D-4295-B04E-1C4917436709}.Debug|Any CPU.Build.0 = Debug|Any CPU
		{8E1086D8-529D-4295-B04E-1C4917436709}.Release|Any CPU.ActiveCfg = Release|Any CPU
		{8E1086D8-529D-4295-B04E-1C4917436709}.Release|Any CPU.Build.0 = Release|Any CPU
		{8D251B01-1CAF-4546-885C-1F24BDA8B57A}.Debug|Any CPU.ActiveCfg = Debug|Any CPU
		{8D251B01-1CAF-4546-885C-1F24BDA8B57A}.Debug|Any CPU.Build.0 = Debug|Any CPU
		{8D251B01-1CAF-4546-885C-1F24BDA8B57A}.Release|Any CPU.ActiveCfg = Release|Any CPU
		{8D251B01-1CAF-4546-885C-1F24BDA8B57A}.Release|Any CPU.Build.0 = Release|Any CPU
		{3D706A7A-2DF8-465B-AEBF-C371A41D7032}.Debug|Any CPU.ActiveCfg = Debug|Any CPU
		{3D706A7A-2DF8-465B-AEBF-C371A41D7032}.Debug|Any CPU.Build.0 = Debug|Any CPU
		{3D706A7A-2DF8-465B-AEBF-C371A41D7032}.Release|Any CPU.ActiveCfg = Release|Any CPU
		{3D706A7A-2DF8-465B-AEBF-C371A41D7032}.Release|Any CPU.Build.0 = Release|Any CPU
	EndGlobalSection
	GlobalSection(NestedProjects) = preSolution
		{480E2B79-91CC-42DB-B763-34712739562B} = {895AE363-63B2-42E5-859B-025B9F674C52}
		{8E1086D8-529D-4295-B04E-1C4917436709} = {895AE363-63B2-42E5-859B-025B9F674C52}
		{8D251B01-1CAF-4546-885C-1F24BDA8B57A} = {895AE363-63B2-42E5-859B-025B9F674C52}
		{3D706A7A-2DF8-465B-AEBF-C371A41D7032} = {895AE363-63B2-42E5-859B-025B9F674C52}
	EndGlobalSection
EndGlobal
